[[package]]
name = "attrs"
version = "21.4.0"
description = "Classes Without Boilerplate"
category = "dev"
optional = false
python-versions = ">=2.7, !=3.0.*, !=3.1.*, !=3.2.*, !=3.3.*, !=3.4.*"

[package.extras]
dev = ["cloudpickle", "coverage[toml] (>=5.0.2)", "furo", "hypothesis", "mypy", "pre-commit", "pympler", "pytest (>=4.3.0)", "pytest-mypy-plugins", "six", "sphinx", "sphinx-notfound-page", "zope.interface"]
docs = ["furo", "sphinx", "sphinx-notfound-page", "zope.interface"]
tests = ["cloudpickle", "coverage[toml] (>=5.0.2)", "hypothesis", "mypy", "pympler", "pytest (>=4.3.0)", "pytest-mypy-plugins", "six", "zope.interface"]
tests-no-zope = ["cloudpickle", "coverage[toml] (>=5.0.2)", "hypothesis", "mypy", "pympler", "pytest (>=4.3.0)", "pytest-mypy-plugins", "six"]

[[package]]
name = "certifi"
version = "2022.12.7"
description = "Python package for providing Mozilla's CA Bundle."
category = "main"
optional = false
python-versions = ">=3.6"

[[package]]
name = "charset-normalizer"
version = "2.0.12"
description = "The Real First Universal Charset Detector. Open, modern and actively maintained alternative to Chardet."
category = "main"
optional = false
python-versions = ">=3.5.0"

[package.extras]
unicode-backport = ["unicodedata2"]

[[package]]
name = "colorama"
version = "0.4.4"
description = "Cross-platform colored terminal text."
category = "dev"
optional = false
python-versions = ">=2.7, !=3.0.*, !=3.1.*, !=3.2.*, !=3.3.*, !=3.4.*"

[[package]]
name = "coverage"
version = "7.0.1"
description = "Code coverage measurement for Python"
category = "dev"
optional = false
python-versions = ">=3.7"

[package.extras]
toml = ["tomli"]

[[package]]
name = "exceptiongroup"
version = "1.0.0"
description = "Backport of PEP 654 (exception groups)"
category = "dev"
optional = false
python-versions = ">=3.7"

[package.extras]
test = ["pytest (>=6)"]

[[package]]
name = "freezegun"
version = "1.2.2"
description = "Let your Python tests travel through time"
category = "dev"
optional = false
python-versions = ">=3.6"

[package.dependencies]
python-dateutil = ">=2.7"

[[package]]
name = "idna"
version = "3.3"
description = "Internationalized Domain Names in Applications (IDNA)"
category = "main"
optional = false
python-versions = ">=3.5"

[[package]]
name = "iniconfig"
version = "1.1.1"
description = "iniconfig: brain-dead simple config-ini parsing"
category = "dev"
optional = false
python-versions = "*"

[[package]]
name = "packaging"
version = "21.3"
description = "Core utilities for Python packages"
category = "dev"
optional = false
python-versions = ">=3.6"

[package.dependencies]
pyparsing = ">=2.0.2,<3.0.5 || >3.0.5"

[[package]]
name = "pluggy"
version = "1.0.0"
description = "plugin and hook calling mechanisms for python"
category = "dev"
optional = false
python-versions = ">=3.6"

[package.extras]
dev = ["pre-commit", "tox"]
testing = ["pytest", "pytest-benchmark"]

[[package]]
name = "pyparsing"
version = "3.0.7"
description = "Python parsing module"
category = "dev"
optional = false
python-versions = ">=3.6"

[package.extras]
diagrams = ["jinja2", "railroad-diagrams"]

[[package]]
name = "pytest"
version = "7.2.0"
description = "pytest: simple powerful testing with Python"
category = "dev"
optional = false
python-versions = ">=3.7"

[package.dependencies]
attrs = ">=19.2.0"
colorama = {version = "*", markers = "sys_platform == \"win32\""}
exceptiongroup = {version = ">=1.0.0rc8", markers = "python_version < \"3.11\""}
iniconfig = "*"
packaging = "*"
pluggy = ">=0.12,<2.0"
tomli = {version = ">=1.0.0", markers = "python_version < \"3.11\""}

[package.extras]
testing = ["argcomplete", "hypothesis (>=3.56)", "mock", "nose", "pygments (>=2.7.2)", "requests", "xmlschema"]

[[package]]
name = "python-dateutil"
version = "2.8.2"
description = "Extensions to the standard Python datetime module"
category = "dev"
optional = false
python-versions = "!=3.0.*,!=3.1.*,!=3.2.*,>=2.7"

[package.dependencies]
six = ">=1.5"

[[package]]
name = "pytz"
version = "2022.7"
description = "World timezone definitions, modern and historical"
category = "main"
optional = false
python-versions = "*"

[[package]]
name = "requests"
version = "2.28.1"
description = "Python HTTP for Humans."
category = "main"
optional = false
python-versions = ">=3.7, <4"

[package.dependencies]
certifi = ">=2017.4.17"
charset-normalizer = ">=2,<3"
idna = ">=2.5,<4"
urllib3 = ">=1.21.1,<1.27"

[package.extras]
socks = ["PySocks (>=1.5.6,!=1.5.7)"]
use-chardet-on-py3 = ["chardet (>=3.0.2,<6)"]

[[package]]
name = "requests-mock"
version = "1.10.0"
description = "Mock out responses from the requests package"
category = "dev"
optional = false
python-versions = "*"

[package.dependencies]
requests = ">=2.3,<3"
six = "*"

[package.extras]
fixture = ["fixtures"]
test = ["fixtures", "mock", "purl", "pytest", "requests-futures", "sphinx", "testrepository (>=0.0.18)", "testtools"]

[[package]]
name = "six"
version = "1.16.0"
description = "Python 2 and 3 compatibility utilities"
category = "dev"
optional = false
python-versions = ">=2.7, !=3.0.*, !=3.1.*, !=3.2.*"

[[package]]
name = "tomli"
version = "2.0.1"
description = "A lil' TOML parser"
category = "dev"
optional = false
python-versions = ">=3.7"

[[package]]
name = "urllib3"
version = "1.26.9"
description = "HTTP library with thread-safe connection pooling, file post, and more."
category = "main"
optional = false
python-versions = ">=2.7, !=3.0.*, !=3.1.*, !=3.2.*, !=3.3.*, !=3.4.*, <4"

[package.extras]
brotli = ["brotli (>=1.0.9)", "brotlicffi (>=0.8.0)", "brotlipy (>=0.6.0)"]
secure = ["certifi", "cryptography (>=1.3.4)", "idna (>=2.0.0)", "ipaddress", "pyOpenSSL (>=0.14)"]
socks = ["PySocks (>=1.5.6,!=1.5.7,<2.0)"]

[metadata]
lock-version = "1.1"
python-versions = "~3.10"
content-hash = "8c7d63cbbd312867e3c106aac242d26a4e8620998239f57ef38084cb6d0cc0de"

[metadata.files]
attrs = [
    {file = "attrs-21.4.0-py2.py3-none-any.whl", hash = "sha256:2d27e3784d7a565d36ab851fe94887c5eccd6a463168875832a1be79c82828b4"},
    {file = "attrs-21.4.0.tar.gz", hash = "sha256:626ba8234211db98e869df76230a137c4c40a12d72445c45d5f5b716f076e2fd"},
]
certifi = [
    {file = "certifi-2022.12.7-py3-none-any.whl", hash = "sha256:4ad3232f5e926d6718ec31cfc1fcadfde020920e278684144551c91769c7bc18"},
    {file = "certifi-2022.12.7.tar.gz", hash = "sha256:35824b4c3a97115964b408844d64aa14db1cc518f6562e8d7261699d1350a9e3"},
]
charset-normalizer = [
    {file = "charset-normalizer-2.0.12.tar.gz", hash = "sha256:2857e29ff0d34db842cd7ca3230549d1a697f96ee6d3fb071cfa6c7393832597"},
    {file = "charset_normalizer-2.0.12-py3-none-any.whl", hash = "sha256:6881edbebdb17b39b4eaaa821b438bf6eddffb4468cf344f09f89def34a8b1df"},
]
colorama = [
    {file = "colorama-0.4.4-py2.py3-none-any.whl", hash = "sha256:9f47eda37229f68eee03b24b9748937c7dc3868f906e8ba69fbcbdd3bc5dc3e2"},
    {file = "colorama-0.4.4.tar.gz", hash = "sha256:5941b2b48a20143d2267e95b1c2a7603ce057ee39fd88e7329b0c292aa16869b"},
]
coverage = [
    {file = "coverage-7.0.1-cp310-cp310-macosx_10_9_x86_64.whl", hash = "sha256:b3695c4f4750bca943b3e1f74ad4be8d29e4aeab927d50772c41359107bd5d5c"},
    {file = "coverage-7.0.1-cp310-cp310-macosx_11_0_arm64.whl", hash = "sha256:fa6a5a224b7f4cfb226f4fc55a57e8537fcc096f42219128c2c74c0e7d0953e1"},
    {file = "coverage-7.0.1-cp310-cp310-manylinux_2_17_aarch64.manylinux2014_aarch64.whl", hash = "sha256:74f70cd92669394eaf8d7756d1b195c8032cf7bbbdfce3bc489d4e15b3b8cf73"},
    {file = "coverage-7.0.1-cp310-cp310-manylinux_2_5_i686.manylinux1_i686.manylinux_2_17_i686.manylinux2014_i686.whl", hash = "sha256:b66bb21a23680dee0be66557dc6b02a3152ddb55edf9f6723fa4a93368f7158d"},
    {file = "coverage-7.0.1-cp310-cp310-manylinux_2_5_x86_64.manylinux1_x86_64.manylinux_2_17_x86_64.manylinux2014_x86_64.whl", hash = "sha256:d87717959d4d0ee9db08a0f1d80d21eb585aafe30f9b0a54ecf779a69cb015f6"},
    {file = "coverage-7.0.1-cp310-cp310-musllinux_1_1_aarch64.whl", hash = "sha256:854f22fa361d1ff914c7efa347398374cc7d567bdafa48ac3aa22334650dfba2"},
    {file = "coverage-7.0.1-cp310-cp310-musllinux_1_1_i686.whl", hash = "sha256:1e414dc32ee5c3f36544ea466b6f52f28a7af788653744b8570d0bf12ff34bc0"},
    {file = "coverage-7.0.1-cp310-cp310-musllinux_1_1_x86_64.whl", hash = "sha256:6c5ad996c6fa4d8ed669cfa1e8551348729d008a2caf81489ab9ea67cfbc7498"},
    {file = "coverage-7.0.1-cp310-cp310-win32.whl", hash = "sha256:691571f31ace1837838b7e421d3a09a8c00b4aac32efacb4fc9bd0a5c647d25a"},
    {file = "coverage-7.0.1-cp310-cp310-win_amd64.whl", hash = "sha256:89caf4425fe88889e2973a8e9a3f6f5f9bbe5dd411d7d521e86428c08a873a4a"},
    {file = "coverage-7.0.1-cp311-cp311-macosx_10_9_x86_64.whl", hash = "sha256:63d56165a7c76265468d7e0c5548215a5ba515fc2cba5232d17df97bffa10f6c"},
    {file = "coverage-7.0.1-cp311-cp311-macosx_11_0_arm64.whl", hash = "sha256:4f943a3b2bc520102dd3e0bb465e1286e12c9a54f58accd71b9e65324d9c7c01"},
    {file = "coverage-7.0.1-cp311-cp311-manylinux_2_17_aarch64.manylinux2014_aarch64.whl", hash = "sha256:830525361249dc4cd013652b0efad645a385707a5ae49350c894b67d23fbb07c"},
    {file = "coverage-7.0.1-cp311-cp311-manylinux_2_5_i686.manylinux1_i686.manylinux_2_17_i686.manylinux2014_i686.whl", hash = "sha256:fd1b9c5adc066db699ccf7fa839189a649afcdd9e02cb5dc9d24e67e7922737d"},
    {file = "coverage-7.0.1-cp311-cp311-manylinux_2_5_x86_64.manylinux1_x86_64.manylinux_2_17_x86_64.manylinux2014_x86_64.whl", hash = "sha256:e00c14720b8b3b6c23b487e70bd406abafc976ddc50490f645166f111c419c39"},
    {file = "coverage-7.0.1-cp311-cp311-musllinux_1_1_aarch64.whl", hash = "sha256:6d55d840e1b8c0002fce66443e124e8581f30f9ead2e54fbf6709fb593181f2c"},
    {file = "coverage-7.0.1-cp311-cp311-musllinux_1_1_i686.whl", hash = "sha256:66b18c3cf8bbab0cce0d7b9e4262dc830e93588986865a8c78ab2ae324b3ed56"},
    {file = "coverage-7.0.1-cp311-cp311-musllinux_1_1_x86_64.whl", hash = "sha256:12a5aa77783d49e05439fbe6e6b427484f8a0f9f456b46a51d8aac022cfd024d"},
    {file = "coverage-7.0.1-cp311-cp311-win32.whl", hash = "sha256:b77015d1cb8fe941be1222a5a8b4e3fbca88180cfa7e2d4a4e58aeabadef0ab7"},
    {file = "coverage-7.0.1-cp311-cp311-win_amd64.whl", hash = "sha256:fb992c47cb1e5bd6a01e97182400bcc2ba2077080a17fcd7be23aaa6e572e390"},
    {file = "coverage-7.0.1-cp37-cp37m-macosx_10_9_x86_64.whl", hash = "sha256:e78e9dcbf4f3853d3ae18a8f9272111242531535ec9e1009fa8ec4a2b74557dc"},
    {file = "coverage-7.0.1-cp37-cp37m-manylinux_2_17_aarch64.manylinux2014_aarch64.whl", hash = "sha256:e60bef2e2416f15fdc05772bf87db06c6a6f9870d1db08fdd019fbec98ae24a9"},
    {file = "coverage-7.0.1-cp37-cp37m-manylinux_2_5_i686.manylinux1_i686.manylinux_2_17_i686.manylinux2014_i686.whl", hash = "sha256:9823e4789ab70f3ec88724bba1a203f2856331986cd893dedbe3e23a6cfc1e4e"},
    {file = "coverage-7.0.1-cp37-cp37m-manylinux_2_5_x86_64.manylinux1_x86_64.manylinux_2_17_x86_64.manylinux2014_x86_64.whl", hash = "sha256:9158f8fb06747ac17bd237930c4372336edc85b6e13bdc778e60f9d685c3ca37"},
    {file = "coverage-7.0.1-cp37-cp37m-musllinux_1_1_aarch64.whl", hash = "sha256:486ee81fa694b4b796fc5617e376326a088f7b9729c74d9defa211813f3861e4"},
    {file = "coverage-7.0.1-cp37-cp37m-musllinux_1_1_i686.whl", hash = "sha256:1285648428a6101b5f41a18991c84f1c3959cee359e51b8375c5882fc364a13f"},
    {file = "coverage-7.0.1-cp37-cp37m-musllinux_1_1_x86_64.whl", hash = "sha256:2c44fcfb3781b41409d0f060a4ed748537557de9362a8a9282182fafb7a76ab4"},
    {file = "coverage-7.0.1-cp37-cp37m-win32.whl", hash = "sha256:d6814854c02cbcd9c873c0f3286a02e3ac1250625cca822ca6bc1018c5b19f1c"},
    {file = "coverage-7.0.1-cp37-cp37m-win_amd64.whl", hash = "sha256:f66460f17c9319ea4f91c165d46840314f0a7c004720b20be58594d162a441d8"},
    {file = "coverage-7.0.1-cp38-cp38-macosx_10_9_x86_64.whl", hash = "sha256:9b373c9345c584bb4b5f5b8840df7f4ab48c4cbb7934b58d52c57020d911b856"},
    {file = "coverage-7.0.1-cp38-cp38-macosx_11_0_arm64.whl", hash = "sha256:d3022c3007d3267a880b5adcf18c2a9bf1fc64469b394a804886b401959b8742"},
    {file = "coverage-7.0.1-cp38-cp38-manylinux_2_17_aarch64.manylinux2014_aarch64.whl", hash = "sha256:92651580bd46519067e36493acb394ea0607b55b45bd81dd4e26379ed1871f55"},
    {file = "coverage-7.0.1-cp38-cp38-manylinux_2_5_i686.manylinux1_i686.manylinux_2_17_i686.manylinux2014_i686.whl", hash = "sha256:3cfc595d2af13856505631be072835c59f1acf30028d1c860b435c5fc9c15b69"},
    {file = "coverage-7.0.1-cp38-cp38-manylinux_2_5_x86_64.manylinux1_x86_64.manylinux_2_17_x86_64.manylinux2014_x86_64.whl", hash = "sha256:0b4b3a4d9915b2be879aff6299c0a6129f3d08a775d5a061f503cf79571f73e4"},
    {file = "coverage-7.0.1-cp38-cp38-musllinux_1_1_aarch64.whl", hash = "sha256:b6f22bb64cc39bcb883e5910f99a27b200fdc14cdd79df8696fa96b0005c9444"},
    {file = "coverage-7.0.1-cp38-cp38-musllinux_1_1_i686.whl", hash = "sha256:72d1507f152abacea81f65fee38e4ef3ac3c02ff8bc16f21d935fd3a8a4ad910"},
    {file = "coverage-7.0.1-cp38-cp38-musllinux_1_1_x86_64.whl", hash = "sha256:0a79137fc99815fff6a852c233628e735ec15903cfd16da0f229d9c4d45926ab"},
    {file = "coverage-7.0.1-cp38-cp38-win32.whl", hash = "sha256:b3763e7fcade2ff6c8e62340af9277f54336920489ceb6a8cd6cc96da52fcc62"},
    {file = "coverage-7.0.1-cp38-cp38-win_amd64.whl", hash = "sha256:09f6b5a8415b6b3e136d5fec62b552972187265cb705097bf030eb9d4ffb9b60"},
    {file = "coverage-7.0.1-cp39-cp39-macosx_10_9_x86_64.whl", hash = "sha256:978258fec36c154b5e250d356c59af7d4c3ba02bef4b99cda90b6029441d797d"},
    {file = "coverage-7.0.1-cp39-cp39-macosx_11_0_arm64.whl", hash = "sha256:19ec666533f0f70a0993f88b8273057b96c07b9d26457b41863ccd021a043b9a"},
    {file = "coverage-7.0.1-cp39-cp39-manylinux_2_17_aarch64.manylinux2014_aarch64.whl", hash = "sha256:cfded268092a84605f1cc19e5c737f9ce630a8900a3589e9289622db161967e9"},
    {file = "coverage-7.0.1-cp39-cp39-manylinux_2_5_i686.manylinux1_i686.manylinux_2_17_i686.manylinux2014_i686.whl", hash = "sha256:07bcfb1d8ac94af886b54e18a88b393f6a73d5959bb31e46644a02453c36e475"},
    {file = "coverage-7.0.1-cp39-cp39-manylinux_2_5_x86_64.manylinux1_x86_64.manylinux_2_17_x86_64.manylinux2014_x86_64.whl", hash = "sha256:397b4a923cc7566bbc7ae2dfd0ba5a039b61d19c740f1373791f2ebd11caea59"},
    {file = "coverage-7.0.1-cp39-cp39-musllinux_1_1_aarch64.whl", hash = "sha256:aec2d1515d9d39ff270059fd3afbb3b44e6ec5758af73caf18991807138c7118"},
    {file = "coverage-7.0.1-cp39-cp39-musllinux_1_1_i686.whl", hash = "sha256:c20cfebcc149a4c212f6491a5f9ff56f41829cd4f607b5be71bb2d530ef243b1"},
    {file = "coverage-7.0.1-cp39-cp39-musllinux_1_1_x86_64.whl", hash = "sha256:fd556ff16a57a070ce4f31c635953cc44e25244f91a0378c6e9bdfd40fdb249f"},
    {file = "coverage-7.0.1-cp39-cp39-win32.whl", hash = "sha256:b9ea158775c7c2d3e54530a92da79496fb3fb577c876eec761c23e028f1e216c"},
    {file = "coverage-7.0.1-cp39-cp39-win_amd64.whl", hash = "sha256:d1991f1dd95eba69d2cd7708ff6c2bbd2426160ffc73c2b81f617a053ebcb1a8"},
    {file = "coverage-7.0.1-pp37.pp38.pp39-none-any.whl", hash = "sha256:3dd4ee135e08037f458425b8842d24a95a0961831a33f89685ff86b77d378f89"},
    {file = "coverage-7.0.1.tar.gz", hash = "sha256:a4a574a19eeb67575a5328a5760bbbb737faa685616586a9f9da4281f940109c"},
]
exceptiongroup = [
    {file = "exceptiongroup-1.0.0-py3-none-any.whl", hash = "sha256:2ac84b496be68464a2da60da518af3785fff8b7ec0d090a581604bc870bdee41"},
    {file = "exceptiongroup-1.0.0.tar.gz", hash = "sha256:affbabf13fb6e98988c38d9c5650e701569fe3c1de3233cfb61c5f33774690ad"},
]
freezegun = [
    {file = "freezegun-1.2.2-py3-none-any.whl", hash = "sha256:ea1b963b993cb9ea195adbd893a48d573fda951b0da64f60883d7e988b606c9f"},
    {file = "freezegun-1.2.2.tar.gz", hash = "sha256:cd22d1ba06941384410cd967d8a99d5ae2442f57dfafeff2fda5de8dc5c05446"},
]
idna = [
    {file = "idna-3.3-py3-none-any.whl", hash = "sha256:84d9dd047ffa80596e0f246e2eab0b391788b0503584e8945f2368256d2735ff"},
    {file = "idna-3.3.tar.gz", hash = "sha256:9d643ff0a55b762d5cdb124b8eaa99c66322e2157b69160bc32796e824360e6d"},
]
iniconfig = [
    {file = "iniconfig-1.1.1-py2.py3-none-any.whl", hash = "sha256:011e24c64b7f47f6ebd835bb12a743f2fbe9a26d4cecaa7f53bc4f35ee9da8b3"},
    {file = "iniconfig-1.1.1.tar.gz", hash = "sha256:bc3af051d7d14b2ee5ef9969666def0cd1a000e121eaea580d4a313df4b37f32"},
]
packaging = [
    {file = "packaging-21.3-py3-none-any.whl", hash = "sha256:ef103e05f519cdc783ae24ea4e2e0f508a9c99b2d4969652eed6a2e1ea5bd522"},
    {file = "packaging-21.3.tar.gz", hash = "sha256:dd47c42927d89ab911e606518907cc2d3a1f38bbd026385970643f9c5b8ecfeb"},
]
pluggy = [
    {file = "pluggy-1.0.0-py2.py3-none-any.whl", hash = "sha256:74134bbf457f031a36d68416e1509f34bd5ccc019f0bcc952c7b909d06b37bd3"},
    {file = "pluggy-1.0.0.tar.gz", hash = "sha256:4224373bacce55f955a878bf9cfa763c1e360858e330072059e10bad68531159"},
]
pyparsing = [
    {file = "pyparsing-3.0.7-py3-none-any.whl", hash = "sha256:a6c06a88f252e6c322f65faf8f418b16213b51bdfaece0524c1c1bc30c63c484"},
    {file = "pyparsing-3.0.7.tar.gz", hash = "sha256:18ee9022775d270c55187733956460083db60b37d0d0fb357445f3094eed3eea"},
]
pytest = [
    {file = "pytest-7.2.0-py3-none-any.whl", hash = "sha256:892f933d339f068883b6fd5a459f03d85bfcb355e4981e146d2c7616c21fef71"},
    {file = "pytest-7.2.0.tar.gz", hash = "sha256:c4014eb40e10f11f355ad4e3c2fb2c6c6d1919c73f3b5a433de4708202cade59"},
]
python-dateutil = [
    {file = "python-dateutil-2.8.2.tar.gz", hash = "sha256:0123cacc1627ae19ddf3c27a5de5bd67ee4586fbdd6440d9748f8abb483d3e86"},
    {file = "python_dateutil-2.8.2-py2.py3-none-any.whl", hash = "sha256:961d03dc3453ebbc59dbdea9e4e11c5651520a876d0f4db161e8674aae935da9"},
]
pytz = [
    {file = "pytz-2022.7-py2.py3-none-any.whl", hash = "sha256:93007def75ae22f7cd991c84e02d434876818661f8df9ad5df9e950ff4e52cfd"},
    {file = "pytz-2022.7.tar.gz", hash = "sha256:7ccfae7b4b2c067464a6733c6261673fdb8fd1be905460396b97a073e9fa683a"},
]
requests = [
    {file = "requests-2.28.1-py3-none-any.whl", hash = "sha256:8fefa2a1a1365bf5520aac41836fbee479da67864514bdb821f31ce07ce65349"},
    {file = "requests-2.28.1.tar.gz", hash = "sha256:7c5599b102feddaa661c826c56ab4fee28bfd17f5abca1ebbe3e7f19d7c97983"},
]
requests-mock = [
    {file = "requests-mock-1.10.0.tar.gz", hash = "sha256:59c9c32419a9fb1ae83ec242d98e889c45bd7d7a65d48375cc243ec08441658b"},
    {file = "requests_mock-1.10.0-py2.py3-none-any.whl", hash = "sha256:2fdbb637ad17ee15c06f33d31169e71bf9fe2bdb7bc9da26185be0dd8d842699"},
]
six = [
    {file = "six-1.16.0-py2.py3-none-any.whl", hash = "sha256:8abb2f1d86890a2dfb989f9a77cfcfd3e47c2a354b01111771326f8aa26e0254"},
    {file = "six-1.16.0.tar.gz", hash = "sha256:1e61c37477a1626458e36f7b1d82aa5c9b094fa4802892072e49de9c60c4c926"},
]
tomli = [
    {file = "tomli-2.0.1-py3-none-any.whl", hash = "sha256:939de3e7a6161af0c887ef91b7d41a53e7c5a1ca976325f429cb46ea9bc30ecc"},
    {file = "tomli-2.0.1.tar.gz", hash = "sha256:de526c12914f0c550d15924c62d72abc48d6fe7364aa87328337a31007fe8a4f"},
]
urllib3 = [
    {file = "urllib3-1.26.9-py2.py3-none-any.whl", hash = "sha256:44ece4d53fb1706f667c9bd1c648f5469a2ec925fcf3a776667042d645472c14"},
    {file = "urllib3-1.26.9.tar.gz", hash = "sha256:aabaf16477806a5e1dd19aa41f8c2b7950dd3c746362d7e3223dbe6de6ac448e"},
]
