# This file is automatically @generated by Poetry and should not be changed by hand.

[[package]]
name = "attrs"
version = "21.4.0"
description = "Classes Without Boilerplate"
category = "dev"
optional = false
python-versions = ">=2.7, !=3.0.*, !=3.1.*, !=3.2.*, !=3.3.*, !=3.4.*"
files = [
    {file = "attrs-21.4.0-py2.py3-none-any.whl", hash = "sha256:2d27e3784d7a565d36ab851fe94887c5eccd6a463168875832a1be79c82828b4"},
    {file = "attrs-21.4.0.tar.gz", hash = "sha256:626ba8234211db98e869df76230a137c4c40a12d72445c45d5f5b716f076e2fd"},
]

[package.extras]
dev = ["cloudpickle", "coverage[toml] (>=5.0.2)", "furo", "hypothesis", "mypy", "pre-commit", "pympler", "pytest (>=4.3.0)", "pytest-mypy-plugins", "six", "sphinx", "sphinx-notfound-page", "zope.interface"]
docs = ["furo", "sphinx", "sphinx-notfound-page", "zope.interface"]
tests = ["cloudpickle", "coverage[toml] (>=5.0.2)", "hypothesis", "mypy", "pympler", "pytest (>=4.3.0)", "pytest-mypy-plugins", "six", "zope.interface"]
tests-no-zope = ["cloudpickle", "coverage[toml] (>=5.0.2)", "hypothesis", "mypy", "pympler", "pytest (>=4.3.0)", "pytest-mypy-plugins", "six"]

[[package]]
name = "certifi"
version = "2022.12.7"
description = "Python package for providing Mozilla's CA Bundle."
category = "main"
optional = false
python-versions = ">=3.6"
files = [
    {file = "certifi-2022.12.7-py3-none-any.whl", hash = "sha256:4ad3232f5e926d6718ec31cfc1fcadfde020920e278684144551c91769c7bc18"},
    {file = "certifi-2022.12.7.tar.gz", hash = "sha256:35824b4c3a97115964b408844d64aa14db1cc518f6562e8d7261699d1350a9e3"},
]

[[package]]
name = "charset-normalizer"
version = "2.0.12"
description = "The Real First Universal Charset Detector. Open, modern and actively maintained alternative to Chardet."
category = "main"
optional = false
python-versions = ">=3.5.0"
files = [
    {file = "charset-normalizer-2.0.12.tar.gz", hash = "sha256:2857e29ff0d34db842cd7ca3230549d1a697f96ee6d3fb071cfa6c7393832597"},
    {file = "charset_normalizer-2.0.12-py3-none-any.whl", hash = "sha256:6881edbebdb17b39b4eaaa821b438bf6eddffb4468cf344f09f89def34a8b1df"},
]

[package.extras]
unicode-backport = ["unicodedata2"]

[[package]]
name = "colorama"
version = "0.4.4"
description = "Cross-platform colored terminal text."
category = "dev"
optional = false
python-versions = ">=2.7, !=3.0.*, !=3.1.*, !=3.2.*, !=3.3.*, !=3.4.*"
files = [
    {file = "colorama-0.4.4-py2.py3-none-any.whl", hash = "sha256:9f47eda37229f68eee03b24b9748937c7dc3868f906e8ba69fbcbdd3bc5dc3e2"},
    {file = "colorama-0.4.4.tar.gz", hash = "sha256:5941b2b48a20143d2267e95b1c2a7603ce057ee39fd88e7329b0c292aa16869b"},
]

[[package]]
name = "coverage"
version = "7.2.0"
description = "Code coverage measurement for Python"
category = "dev"
optional = false
python-versions = ">=3.7"
files = [
    {file = "coverage-7.2.0-cp310-cp310-macosx_10_9_x86_64.whl", hash = "sha256:90e7a4cbbb7b1916937d380beb1315b12957b8e895d7d9fb032e2038ac367525"},
    {file = "coverage-7.2.0-cp310-cp310-macosx_11_0_arm64.whl", hash = "sha256:34d7211be69b215ad92298a962b2cd5a4ef4b17c7871d85e15d3d1b6dc8d8c96"},
    {file = "coverage-7.2.0-cp310-cp310-manylinux_2_17_aarch64.manylinux2014_aarch64.whl", hash = "sha256:971b49dbf713044c3e5f6451b39f65615d4d1c1d9a19948fa0f41b0245a98765"},
    {file = "coverage-7.2.0-cp310-cp310-manylinux_2_5_i686.manylinux1_i686.manylinux_2_17_i686.manylinux2014_i686.whl", hash = "sha256:f0557289260125a6c453ad5673ba79e5b6841d9a20c9e101f758bfbedf928a77"},
    {file = "coverage-7.2.0-cp310-cp310-manylinux_2_5_x86_64.manylinux1_x86_64.manylinux_2_17_x86_64.manylinux2014_x86_64.whl", hash = "sha256:049806ae2df69468c130f04f0fab4212c46b34ba5590296281423bb1ae379df2"},
    {file = "coverage-7.2.0-cp310-cp310-musllinux_1_1_aarch64.whl", hash = "sha256:875b03d92ac939fbfa8ae74a35b2c468fc4f070f613d5b1692f9980099a3a210"},
    {file = "coverage-7.2.0-cp310-cp310-musllinux_1_1_i686.whl", hash = "sha256:c160e34e388277f10c50dc2c7b5e78abe6d07357d9fe7fcb2f3c156713fd647e"},
    {file = "coverage-7.2.0-cp310-cp310-musllinux_1_1_x86_64.whl", hash = "sha256:32e6a730fd18b2556716039ab93278ccebbefa1af81e6aa0c8dba888cf659e6e"},
    {file = "coverage-7.2.0-cp310-cp310-win32.whl", hash = "sha256:f3ff4205aff999164834792a3949f82435bc7c7655c849226d5836c3242d7451"},
    {file = "coverage-7.2.0-cp310-cp310-win_amd64.whl", hash = "sha256:93db11da6e728587e943dff8ae1b739002311f035831b6ecdb15e308224a4247"},
    {file = "coverage-7.2.0-cp311-cp311-macosx_10_9_x86_64.whl", hash = "sha256:cd38140b56538855d3d5722c6d1b752b35237e7ea3f360047ce57f3fade82d98"},
    {file = "coverage-7.2.0-cp311-cp311-macosx_11_0_arm64.whl", hash = "sha256:9dbb21561b0e04acabe62d2c274f02df0d715e8769485353ddf3cf84727e31ce"},
    {file = "coverage-7.2.0-cp311-cp311-manylinux_2_17_aarch64.manylinux2014_aarch64.whl", hash = "sha256:171dd3aa71a49274a7e4fc26f5bc167bfae5a4421a668bc074e21a0522a0af4b"},
    {file = "coverage-7.2.0-cp311-cp311-manylinux_2_5_i686.manylinux1_i686.manylinux_2_17_i686.manylinux2014_i686.whl", hash = "sha256:4655ecd813f4ba44857af3e9cffd133ab409774e9d2a7d8fdaf4fdfd2941b789"},
    {file = "coverage-7.2.0-cp311-cp311-manylinux_2_5_x86_64.manylinux1_x86_64.manylinux_2_17_x86_64.manylinux2014_x86_64.whl", hash = "sha256:1856a8c4aa77eb7ca0d42c996d0ca395ecafae658c1432b9da4528c429f2575c"},
    {file = "coverage-7.2.0-cp311-cp311-musllinux_1_1_aarch64.whl", hash = "sha256:bd67df6b48db18c10790635060858e2ea4109601e84a1e9bfdd92e898dc7dc79"},
    {file = "coverage-7.2.0-cp311-cp311-musllinux_1_1_i686.whl", hash = "sha256:2d7daf3da9c7e0ed742b3e6b4de6cc464552e787b8a6449d16517b31bbdaddf5"},
    {file = "coverage-7.2.0-cp311-cp311-musllinux_1_1_x86_64.whl", hash = "sha256:bf9e02bc3dee792b9d145af30db8686f328e781bd212fdef499db5e9e4dd8377"},
    {file = "coverage-7.2.0-cp311-cp311-win32.whl", hash = "sha256:3713a8ec18781fda408f0e853bf8c85963e2d3327c99a82a22e5c91baffcb934"},
    {file = "coverage-7.2.0-cp311-cp311-win_amd64.whl", hash = "sha256:88ae5929f0ef668b582fd7cad09b5e7277f50f912183cf969b36e82a1c26e49a"},
    {file = "coverage-7.2.0-cp37-cp37m-macosx_10_9_x86_64.whl", hash = "sha256:5e29a64e9586194ea271048bc80c83cdd4587830110d1e07b109e6ff435e5dbc"},
    {file = "coverage-7.2.0-cp37-cp37m-manylinux_2_17_aarch64.manylinux2014_aarch64.whl", hash = "sha256:8d5302eb84c61e758c9d68b8a2f93a398b272073a046d07da83d77b0edc8d76b"},
    {file = "coverage-7.2.0-cp37-cp37m-manylinux_2_5_i686.manylinux1_i686.manylinux_2_17_i686.manylinux2014_i686.whl", hash = "sha256:2c9fffbc39dc4a6277e1525cab06c161d11ee3995bbc97543dc74fcec33e045b"},
    {file = "coverage-7.2.0-cp37-cp37m-manylinux_2_5_x86_64.manylinux1_x86_64.manylinux_2_17_x86_64.manylinux2014_x86_64.whl", hash = "sha256:a6ceeab5fca62bca072eba6865a12d881f281c74231d2990f8a398226e1a5d96"},
    {file = "coverage-7.2.0-cp37-cp37m-musllinux_1_1_aarch64.whl", hash = "sha256:28563a35ef4a82b5bc5160a01853ce62b9fceee00760e583ffc8acf9e3413753"},
    {file = "coverage-7.2.0-cp37-cp37m-musllinux_1_1_i686.whl", hash = "sha256:bfa065307667f1c6e1f4c3e13f415b0925e34e56441f5fda2c84110a4a1d8bda"},
    {file = "coverage-7.2.0-cp37-cp37m-musllinux_1_1_x86_64.whl", hash = "sha256:7f992b32286c86c38f07a8b5c3fc88384199e82434040a729ec06b067ee0d52c"},
    {file = "coverage-7.2.0-cp37-cp37m-win32.whl", hash = "sha256:2c15bd09fd5009f3a79c8b3682b52973df29761030b692043f9834fc780947c4"},
    {file = "coverage-7.2.0-cp37-cp37m-win_amd64.whl", hash = "sha256:f332d61fbff353e2ef0f3130a166f499c3fad3a196e7f7ae72076d41a6bfb259"},
    {file = "coverage-7.2.0-cp38-cp38-macosx_10_9_x86_64.whl", hash = "sha256:577a8bc40c01ad88bb9ab1b3a1814f2f860ff5c5099827da2a3cafc5522dadea"},
    {file = "coverage-7.2.0-cp38-cp38-macosx_11_0_arm64.whl", hash = "sha256:9240a0335365c29c968131bdf624bb25a8a653a9c0d8c5dbfcabf80b59c1973c"},
    {file = "coverage-7.2.0-cp38-cp38-manylinux_2_17_aarch64.manylinux2014_aarch64.whl", hash = "sha256:358d3bce1468f298b19a3e35183bdb13c06cdda029643537a0cc37e55e74e8f1"},
    {file = "coverage-7.2.0-cp38-cp38-manylinux_2_5_i686.manylinux1_i686.manylinux_2_17_i686.manylinux2014_i686.whl", hash = "sha256:932048364ff9c39030c6ba360c31bf4500036d4e15c02a2afc5a76e7623140d4"},
    {file = "coverage-7.2.0-cp38-cp38-manylinux_2_5_x86_64.manylinux1_x86_64.manylinux_2_17_x86_64.manylinux2014_x86_64.whl", hash = "sha256:7efa21611ffc91156e6f053997285c6fe88cfef3fb7533692d0692d2cb30c846"},
    {file = "coverage-7.2.0-cp38-cp38-musllinux_1_1_aarch64.whl", hash = "sha256:465ea431c3b78a87e32d7d9ea6d081a1003c43a442982375cf2c247a19971961"},
    {file = "coverage-7.2.0-cp38-cp38-musllinux_1_1_i686.whl", hash = "sha256:0f03c229f1453b936916f68a47b3dfb5e84e7ad48e160488168a5e35115320c8"},
    {file = "coverage-7.2.0-cp38-cp38-musllinux_1_1_x86_64.whl", hash = "sha256:40785553d68c61e61100262b73f665024fd2bb3c6f0f8e2cd5b13e10e4df027b"},
    {file = "coverage-7.2.0-cp38-cp38-win32.whl", hash = "sha256:b09dd7bef59448c66e6b490cc3f3c25c14bc85d4e3c193b81a6204be8dd355de"},
    {file = "coverage-7.2.0-cp38-cp38-win_amd64.whl", hash = "sha256:dc4f9a89c82faf6254d646180b2e3aa4daf5ff75bdb2c296b9f6a6cf547e26a7"},
    {file = "coverage-7.2.0-cp39-cp39-macosx_10_9_x86_64.whl", hash = "sha256:c243b25051440386179591a8d5a5caff4484f92c980fb6e061b9559da7cc3f64"},
    {file = "coverage-7.2.0-cp39-cp39-macosx_11_0_arm64.whl", hash = "sha256:4b8fd32f85b256fc096deeb4872aeb8137474da0c0351236f93cbedc359353d6"},
    {file = "coverage-7.2.0-cp39-cp39-manylinux_2_17_aarch64.manylinux2014_aarch64.whl", hash = "sha256:d7f2a7df523791e6a63b40360afa6792a11869651307031160dc10802df9a252"},
    {file = "coverage-7.2.0-cp39-cp39-manylinux_2_5_i686.manylinux1_i686.manylinux_2_17_i686.manylinux2014_i686.whl", hash = "sha256:da32526326e8da0effb452dc32a21ffad282c485a85a02aeff2393156f69c1c3"},
    {file = "coverage-7.2.0-cp39-cp39-manylinux_2_5_x86_64.manylinux1_x86_64.manylinux_2_17_x86_64.manylinux2014_x86_64.whl", hash = "sha256:4c1153a6156715db9d6ae8283480ae67fb67452aa693a56d7dae9ffe8f7a80da"},
    {file = "coverage-7.2.0-cp39-cp39-musllinux_1_1_aarch64.whl", hash = "sha256:74cd60fa00f46f28bd40048d6ca26bd58e9bee61d2b0eb4ec18cea13493c003f"},
    {file = "coverage-7.2.0-cp39-cp39-musllinux_1_1_i686.whl", hash = "sha256:59a427f8a005aa7254074719441acb25ac2c2f60c1f1026d43f846d4254c1c2f"},
    {file = "coverage-7.2.0-cp39-cp39-musllinux_1_1_x86_64.whl", hash = "sha256:c3c4beddee01c8125a75cde3b71be273995e2e9ec08fbc260dd206b46bb99969"},
    {file = "coverage-7.2.0-cp39-cp39-win32.whl", hash = "sha256:08e3dd256b8d3e07bb230896c8c96ec6c5dffbe5a133ba21f8be82b275b900e8"},
    {file = "coverage-7.2.0-cp39-cp39-win_amd64.whl", hash = "sha256:ad12c74c6ce53a027f5a5ecbac9be20758a41c85425c1bbab7078441794b04ee"},
    {file = "coverage-7.2.0-pp37.pp38.pp39-none-any.whl", hash = "sha256:ffa637a2d5883298449a5434b699b22ef98dd8e2ef8a1d9e60fa9cfe79813411"},
    {file = "coverage-7.2.0.tar.gz", hash = "sha256:9cc9c41aa5af16d845b53287051340c363dd03b7ef408e45eec3af52be77810d"},
]

[package.extras]
toml = ["tomli"]

[[package]]
name = "exceptiongroup"
version = "1.0.0"
description = "Backport of PEP 654 (exception groups)"
category = "dev"
optional = false
python-versions = ">=3.7"
files = [
    {file = "exceptiongroup-1.0.0-py3-none-any.whl", hash = "sha256:2ac84b496be68464a2da60da518af3785fff8b7ec0d090a581604bc870bdee41"},
    {file = "exceptiongroup-1.0.0.tar.gz", hash = "sha256:affbabf13fb6e98988c38d9c5650e701569fe3c1de3233cfb61c5f33774690ad"},
]

[package.extras]
test = ["pytest (>=6)"]

[[package]]
name = "freezegun"
version = "1.2.2"
description = "Let your Python tests travel through time"
category = "dev"
optional = false
python-versions = ">=3.6"
files = [
    {file = "freezegun-1.2.2-py3-none-any.whl", hash = "sha256:ea1b963b993cb9ea195adbd893a48d573fda951b0da64f60883d7e988b606c9f"},
    {file = "freezegun-1.2.2.tar.gz", hash = "sha256:cd22d1ba06941384410cd967d8a99d5ae2442f57dfafeff2fda5de8dc5c05446"},
]

[package.dependencies]
python-dateutil = ">=2.7"

[[package]]
name = "idna"
version = "3.3"
description = "Internationalized Domain Names in Applications (IDNA)"
category = "main"
optional = false
python-versions = ">=3.5"
files = [
    {file = "idna-3.3-py3-none-any.whl", hash = "sha256:84d9dd047ffa80596e0f246e2eab0b391788b0503584e8945f2368256d2735ff"},
    {file = "idna-3.3.tar.gz", hash = "sha256:9d643ff0a55b762d5cdb124b8eaa99c66322e2157b69160bc32796e824360e6d"},
]

[[package]]
name = "iniconfig"
version = "1.1.1"
description = "iniconfig: brain-dead simple config-ini parsing"
category = "dev"
optional = false
python-versions = "*"
files = [
    {file = "iniconfig-1.1.1-py2.py3-none-any.whl", hash = "sha256:011e24c64b7f47f6ebd835bb12a743f2fbe9a26d4cecaa7f53bc4f35ee9da8b3"},
    {file = "iniconfig-1.1.1.tar.gz", hash = "sha256:bc3af051d7d14b2ee5ef9969666def0cd1a000e121eaea580d4a313df4b37f32"},
]

[[package]]
name = "packaging"
version = "21.3"
description = "Core utilities for Python packages"
category = "dev"
optional = false
python-versions = ">=3.6"
files = [
    {file = "packaging-21.3-py3-none-any.whl", hash = "sha256:ef103e05f519cdc783ae24ea4e2e0f508a9c99b2d4969652eed6a2e1ea5bd522"},
    {file = "packaging-21.3.tar.gz", hash = "sha256:dd47c42927d89ab911e606518907cc2d3a1f38bbd026385970643f9c5b8ecfeb"},
]

[package.dependencies]
pyparsing = ">=2.0.2,<3.0.5 || >3.0.5"

[[package]]
name = "pluggy"
version = "1.0.0"
description = "plugin and hook calling mechanisms for python"
category = "dev"
optional = false
python-versions = ">=3.6"
files = [
    {file = "pluggy-1.0.0-py2.py3-none-any.whl", hash = "sha256:74134bbf457f031a36d68416e1509f34bd5ccc019f0bcc952c7b909d06b37bd3"},
    {file = "pluggy-1.0.0.tar.gz", hash = "sha256:4224373bacce55f955a878bf9cfa763c1e360858e330072059e10bad68531159"},
]

[package.extras]
dev = ["pre-commit", "tox"]
testing = ["pytest", "pytest-benchmark"]

[[package]]
name = "pyparsing"
version = "3.0.7"
description = "Python parsing module"
category = "dev"
optional = false
python-versions = ">=3.6"
files = [
    {file = "pyparsing-3.0.7-py3-none-any.whl", hash = "sha256:a6c06a88f252e6c322f65faf8f418b16213b51bdfaece0524c1c1bc30c63c484"},
    {file = "pyparsing-3.0.7.tar.gz", hash = "sha256:18ee9022775d270c55187733956460083db60b37d0d0fb357445f3094eed3eea"},
]

[package.extras]
diagrams = ["jinja2", "railroad-diagrams"]

[[package]]
name = "pytest"
version = "7.2.1"
description = "pytest: simple powerful testing with Python"
category = "dev"
optional = false
python-versions = ">=3.7"
files = [
    {file = "pytest-7.2.1-py3-none-any.whl", hash = "sha256:c7c6ca206e93355074ae32f7403e8ea12163b1163c976fee7d4d84027c162be5"},
    {file = "pytest-7.2.1.tar.gz", hash = "sha256:d45e0952f3727241918b8fd0f376f5ff6b301cc0777c6f9a556935c92d8a7d42"},
]

[package.dependencies]
attrs = ">=19.2.0"
colorama = {version = "*", markers = "sys_platform == \"win32\""}
exceptiongroup = {version = ">=1.0.0rc8", markers = "python_version < \"3.11\""}
iniconfig = "*"
packaging = "*"
pluggy = ">=0.12,<2.0"
tomli = {version = ">=1.0.0", markers = "python_version < \"3.11\""}

[package.extras]
testing = ["argcomplete", "hypothesis (>=3.56)", "mock", "nose", "pygments (>=2.7.2)", "requests", "xmlschema"]

[[package]]
name = "python-dateutil"
version = "2.8.2"
description = "Extensions to the standard Python datetime module"
category = "dev"
optional = false
python-versions = "!=3.0.*,!=3.1.*,!=3.2.*,>=2.7"
files = [
    {file = "python-dateutil-2.8.2.tar.gz", hash = "sha256:0123cacc1627ae19ddf3c27a5de5bd67ee4586fbdd6440d9748f8abb483d3e86"},
    {file = "python_dateutil-2.8.2-py2.py3-none-any.whl", hash = "sha256:961d03dc3453ebbc59dbdea9e4e11c5651520a876d0f4db161e8674aae935da9"},
]

[package.dependencies]
six = ">=1.5"

[[package]]
name = "pytz"
version = "2022.7"
description = "World timezone definitions, modern and historical"
category = "main"
optional = false
python-versions = "*"
files = [
    {file = "pytz-2022.7-py2.py3-none-any.whl", hash = "sha256:93007def75ae22f7cd991c84e02d434876818661f8df9ad5df9e950ff4e52cfd"},
    {file = "pytz-2022.7.tar.gz", hash = "sha256:7ccfae7b4b2c067464a6733c6261673fdb8fd1be905460396b97a073e9fa683a"},
]

[[package]]
name = "requests"
version = "2.28.2"
description = "Python HTTP for Humans."
category = "main"
optional = false
python-versions = ">=3.7, <4"
files = [
    {file = "requests-2.28.2-py3-none-any.whl", hash = "sha256:64299f4909223da747622c030b781c0d7811e359c37124b4bd368fb8c6518baa"},
    {file = "requests-2.28.2.tar.gz", hash = "sha256:98b1b2782e3c6c4904938b84c0eb932721069dfdb9134313beff7c83c2df24bf"},
]

[package.dependencies]
certifi = ">=2017.4.17"
charset-normalizer = ">=2,<4"
idna = ">=2.5,<4"
urllib3 = ">=1.21.1,<1.27"

[package.extras]
socks = ["PySocks (>=1.5.6,!=1.5.7)"]
use-chardet-on-py3 = ["chardet (>=3.0.2,<6)"]

[[package]]
name = "requests-mock"
version = "1.10.0"
description = "Mock out responses from the requests package"
category = "dev"
optional = false
python-versions = "*"
files = [
    {file = "requests-mock-1.10.0.tar.gz", hash = "sha256:59c9c32419a9fb1ae83ec242d98e889c45bd7d7a65d48375cc243ec08441658b"},
    {file = "requests_mock-1.10.0-py2.py3-none-any.whl", hash = "sha256:2fdbb637ad17ee15c06f33d31169e71bf9fe2bdb7bc9da26185be0dd8d842699"},
]

[package.dependencies]
requests = ">=2.3,<3"
six = "*"

[package.extras]
fixture = ["fixtures"]
test = ["fixtures", "mock", "purl", "pytest", "requests-futures", "sphinx", "testrepository (>=0.0.18)", "testtools"]

[[package]]
name = "six"
version = "1.16.0"
description = "Python 2 and 3 compatibility utilities"
category = "dev"
optional = false
python-versions = ">=2.7, !=3.0.*, !=3.1.*, !=3.2.*"
files = [
    {file = "six-1.16.0-py2.py3-none-any.whl", hash = "sha256:8abb2f1d86890a2dfb989f9a77cfcfd3e47c2a354b01111771326f8aa26e0254"},
    {file = "six-1.16.0.tar.gz", hash = "sha256:1e61c37477a1626458e36f7b1d82aa5c9b094fa4802892072e49de9c60c4c926"},
]

[[package]]
name = "tomli"
version = "2.0.1"
description = "A lil' TOML parser"
category = "dev"
optional = false
python-versions = ">=3.7"
files = [
    {file = "tomli-2.0.1-py3-none-any.whl", hash = "sha256:939de3e7a6161af0c887ef91b7d41a53e7c5a1ca976325f429cb46ea9bc30ecc"},
    {file = "tomli-2.0.1.tar.gz", hash = "sha256:de526c12914f0c550d15924c62d72abc48d6fe7364aa87328337a31007fe8a4f"},
]

[[package]]
name = "urllib3"
version = "1.26.9"
description = "HTTP library with thread-safe connection pooling, file post, and more."
category = "main"
optional = false
python-versions = ">=2.7, !=3.0.*, !=3.1.*, !=3.2.*, !=3.3.*, !=3.4.*, <4"
files = [
    {file = "urllib3-1.26.9-py2.py3-none-any.whl", hash = "sha256:44ece4d53fb1706f667c9bd1c648f5469a2ec925fcf3a776667042d645472c14"},
    {file = "urllib3-1.26.9.tar.gz", hash = "sha256:aabaf16477806a5e1dd19aa41f8c2b7950dd3c746362d7e3223dbe6de6ac448e"},
]

[package.extras]
brotli = ["brotli (>=1.0.9)", "brotlicffi (>=0.8.0)", "brotlipy (>=0.6.0)"]
secure = ["certifi", "cryptography (>=1.3.4)", "idna (>=2.0.0)", "ipaddress", "pyOpenSSL (>=0.14)"]
socks = ["PySocks (>=1.5.6,!=1.5.7,<2.0)"]

[metadata]
lock-version = "2.0"
python-versions = "^3.10.5"
content-hash = "18c4878f27d9526ec449ba9d80afed7c77d84b498f950aa09fee83b1edeeba08"
